// !$*UTF8*$!
{
	archiveVersion = 1;
	classes = {
	};
	objectVersion = 56;
	objects = {

/* Begin PBXBuildFile section */
		C39491182A3DF50C00C7D0F2 /* AppDelegate.swift in Sources */ = {isa = PBXBuildFile; fileRef = C39491172A3DF50C00C7D0F2 /* AppDelegate.swift */; };
		C394911A2A3DF50C00C7D0F2 /* SceneDelegate.swift in Sources */ = {isa = PBXBuildFile; fileRef = C39491192A3DF50C00C7D0F2 /* SceneDelegate.swift */; };
		C394911C2A3DF50C00C7D0F2 /* ViewController.swift in Sources */ = {isa = PBXBuildFile; fileRef = C394911B2A3DF50C00C7D0F2 /* ViewController.swift */; };
		C394911F2A3DF50C00C7D0F2 /* Main.storyboard in Resources */ = {isa = PBXBuildFile; fileRef = C394911D2A3DF50C00C7D0F2 /* Main.storyboard */; };
		C39491212A3DF50E00C7D0F2 /* Assets.xcassets in Resources */ = {isa = PBXBuildFile; fileRef = C39491202A3DF50E00C7D0F2 /* Assets.xcassets */; };
		C39491242A3DF50E00C7D0F2 /* LaunchScreen.storyboard in Resources */ = {isa = PBXBuildFile; fileRef = C39491222A3DF50E00C7D0F2 /* LaunchScreen.storyboard */; };
		C394912F2A3DF50E00C7D0F2 /* Weather_AppTests.swift in Sources */ = {isa = PBXBuildFile; fileRef = C394912E2A3DF50E00C7D0F2 /* Weather_AppTests.swift */; };
		C39491392A3DF50E00C7D0F2 /* Weather_AppUITests.swift in Sources */ = {isa = PBXBuildFile; fileRef = C39491382A3DF50E00C7D0F2 /* Weather_AppUITests.swift */; };
		C394913B2A3DF50E00C7D0F2 /* Weather_AppUITestsLaunchTests.swift in Sources */ = {isa = PBXBuildFile; fileRef = C394913A2A3DF50E00C7D0F2 /* Weather_AppUITestsLaunchTests.swift */; };
/* End PBXBuildFile section */

/* Begin PBXContainerItemProxy section */
		C394912B2A3DF50E00C7D0F2 /* PBXContainerItemProxy */ = {
			isa = PBXContainerItemProxy;
			containerPortal = C394910C2A3DF50C00C7D0F2 /* Project object */;
			proxyType = 1;
			remoteGlobalIDString = C39491132A3DF50C00C7D0F2;
			remoteInfo = "Weather App";
		};
		C39491352A3DF50E00C7D0F2 /* PBXContainerItemProxy */ = {
			isa = PBXContainerItemProxy;
			containerPortal = C394910C2A3DF50C00C7D0F2 /* Project object */;
			proxyType = 1;
			remoteGlobalIDString = C39491132A3DF50C00C7D0F2;
			remoteInfo = "Weather App";
		};
/* End PBXContainerItemProxy section */

/* Begin PBXFileReference section */
		C39491142A3DF50C00C7D0F2 /* Weather App.app */ = {isa = PBXFileReference; explicitFileType = wrapper.application; includeInIndex = 0; path = "Weather App.app"; sourceTree = BUILT_PRODUCTS_DIR; };
		C39491172A3DF50C00C7D0F2 /* AppDelegate.swift */ = {isa = PBXFileReference; lastKnownFileType = sourcecode.swift; path = AppDelegate.swift; sourceTree = "<group>"; };
		C39491192A3DF50C00C7D0F2 /* SceneDelegate.swift */ = {isa = PBXFileReference; lastKnownFileType = sourcecode.swift; path = SceneDelegate.swift; sourceTree = "<group>"; };
		C394911B2A3DF50C00C7D0F2 /* ViewController.swift */ = {isa = PBXFileReference; lastKnownFileType = sourcecode.swift; path = ViewController.swift; sourceTree = "<group>"; };
		C394911E2A3DF50C00C7D0F2 /* Base */ = {isa = PBXFileReference; lastKnownFileType = file.storyboard; name = Base; path = Base.lproj/Main.storyboard; sourceTree = "<group>"; };
		C39491202A3DF50E00C7D0F2 /* Assets.xcassets */ = {isa = PBXFileReference; lastKnownFileType = folder.assetcatalog; path = Assets.xcassets; sourceTree = "<group>"; };
		C39491232A3DF50E00C7D0F2 /* Base */ = {isa = PBXFileReference; lastKnownFileType = file.storyboard; name = Base; path = Base.lproj/LaunchScreen.storyboard; sourceTree = "<group>"; };
		C39491252A3DF50E00C7D0F2 /* Info.plist */ = {isa = PBXFileReference; lastKnownFileType = text.plist.xml; path = Info.plist; sourceTree = "<group>"; };
		C394912A2A3DF50E00C7D0F2 /* Weather AppTests.xctest */ = {isa = PBXFileReference; explicitFileType = wrapper.cfbundle; includeInIndex = 0; path = "Weather AppTests.xctest"; sourceTree = BUILT_PRODUCTS_DIR; };
		C394912E2A3DF50E00C7D0F2 /* Weather_AppTests.swift */ = {isa = PBXFileReference; lastKnownFileType = sourcecode.swift; path = Weather_AppTests.swift; sourceTree = "<group>"; };
		C39491342A3DF50E00C7D0F2 /* Weather AppUITests.xctest */ = {isa = PBXFileReference; explicitFileType = wrapper.cfbundle; includeInIndex = 0; path = "Weather AppUITests.xctest"; sourceTree = BUILT_PRODUCTS_DIR; };
		C39491382A3DF50E00C7D0F2 /* Weather_AppUITests.swift */ = {isa = PBXFileReference; lastKnownFileType = sourcecode.swift; path = Weather_AppUITests.swift; sourceTree = "<group>"; };
		C394913A2A3DF50E00C7D0F2 /* Weather_AppUITestsLaunchTests.swift */ = {isa = PBXFileReference; lastKnownFileType = sourcecode.swift; path = Weather_AppUITestsLaunchTests.swift; sourceTree = "<group>"; };
/* End PBXFileReference section */

/* Begin PBXFrameworksBuildPhase section */
		C39491112A3DF50C00C7D0F2 /* Frameworks */ = {
			isa = PBXFrameworksBuildPhase;
			buildActionMask = 2147483647;
			files = (
			);
			runOnlyForDeploymentPostprocessing = 0;
		};
		C39491272A3DF50E00C7D0F2 /* Frameworks */ = {
			isa = PBXFrameworksBuildPhase;
			buildActionMask = 2147483647;
			files = (
			);
			runOnlyForDeploymentPostprocessing = 0;
		};
		C39491312A3DF50E00C7D0F2 /* Frameworks */ = {
			isa = PBXFrameworksBuildPhase;
			buildActionMask = 2147483647;
			files = (
			);
			runOnlyForDeploymentPostprocessing = 0;
		};
/* End PBXFrameworksBuildPhase section */

/* Begin PBXGroup section */
		C394910B2A3DF50C00C7D0F2 = {
			isa = PBXGroup;
			children = (
				C39491162A3DF50C00C7D0F2 /* Weather App */,
				C394912D2A3DF50E00C7D0F2 /* Weather AppTests */,
				C39491372A3DF50E00C7D0F2 /* Weather AppUITests */,
				C39491152A3DF50C00C7D0F2 /* Products */,
			);
			sourceTree = "<group>";
		};
		C39491152A3DF50C00C7D0F2 /* Products */ = {
			isa = PBXGroup;
			children = (
				C39491142A3DF50C00C7D0F2 /* Weather App.app */,
				C394912A2A3DF50E00C7D0F2 /* Weather AppTests.xctest */,
				C39491342A3DF50E00C7D0F2 /* Weather AppUITests.xctest */,
			);
			name = Products;
			sourceTree = "<group>";
		};
		C39491162A3DF50C00C7D0F2 /* Weather App */ = {
			isa = PBXGroup;
			children = (
				C39491172A3DF50C00C7D0F2 /* AppDelegate.swift */,
				C39491192A3DF50C00C7D0F2 /* SceneDelegate.swift */,
				C394911B2A3DF50C00C7D0F2 /* ViewController.swift */,
				C394911D2A3DF50C00C7D0F2 /* Main.storyboard */,
				C39491202A3DF50E00C7D0F2 /* Assets.xcassets */,
				C39491222A3DF50E00C7D0F2 /* LaunchScreen.storyboard */,
				C39491252A3DF50E00C7D0F2 /* Info.plist */,
			);
			path = "Weather App";
			sourceTree = "<group>";
		};
		C394912D2A3DF50E00C7D0F2 /* Weather AppTests */ = {
			isa = PBXGroup;
			children = (
				C394912E2A3DF50E00C7D0F2 /* Weather_AppTests.swift */,
			);
			path = "Weather AppTests";
			sourceTree = "<group>";
		};
		C39491372A3DF50E00C7D0F2 /* Weather AppUITests */ = {
			isa = PBXGroup;
			children = (
				C39491382A3DF50E00C7D0F2 /* Weather_AppUITests.swift */,
				C394913A2A3DF50E00C7D0F2 /* Weather_AppUITestsLaunchTests.swift */,
			);
			path = "Weather AppUITests";
			sourceTree = "<group>";
		};
/* End PBXGroup section */

/* Begin PBXNativeTarget section */
		C39491132A3DF50C00C7D0F2 /* Weather App */ = {
			isa = PBXNativeTarget;
			buildConfigurationList = C394913E2A3DF50E00C7D0F2 /* Build configuration list for PBXNativeTarget "Weather App" */;
			buildPhases = (
				C39491102A3DF50C00C7D0F2 /* Sources */,
				C39491112A3DF50C00C7D0F2 /* Frameworks */,
				C39491122A3DF50C00C7D0F2 /* Resources */,
			);
			buildRules = (
			);
			dependencies = (
			);
			name = "Weather App";
			productName = "Weather App";
			productReference = C39491142A3DF50C00C7D0F2 /* Weather App.app */;
			productType = "com.apple.product-type.application";
		};
		C39491292A3DF50E00C7D0F2 /* Weather AppTests */ = {
			isa = PBXNativeTarget;
			buildConfigurationList = C39491412A3DF50E00C7D0F2 /* Build configuration list for PBXNativeTarget "Weather AppTests" */;
			buildPhases = (
				C39491262A3DF50E00C7D0F2 /* Sources */,
				C39491272A3DF50E00C7D0F2 /* Frameworks */,
				C39491282A3DF50E00C7D0F2 /* Resources */,
			);
			buildRules = (
			);
			dependencies = (
				C394912C2A3DF50E00C7D0F2 /* PBXTargetDependency */,
			);
			name = "Weather AppTests";
			productName = "Weather AppTests";
			productReference = C394912A2A3DF50E00C7D0F2 /* Weather AppTests.xctest */;
			productType = "com.apple.product-type.bundle.unit-test";
		};
		C39491332A3DF50E00C7D0F2 /* Weather AppUITests */ = {
			isa = PBXNativeTarget;
			buildConfigurationList = C39491442A3DF50E00C7D0F2 /* Build configuration list for PBXNativeTarget "Weather AppUITests" */;
			buildPhases = (
				C39491302A3DF50E00C7D0F2 /* Sources */,
				C39491312A3DF50E00C7D0F2 /* Frameworks */,
				C39491322A3DF50E00C7D0F2 /* Resources */,
			);
			buildRules = (
			);
			dependencies = (
				C39491362A3DF50E00C7D0F2 /* PBXTargetDependency */,
			);
			name = "Weather AppUITests";
			productName = "Weather AppUITests";
			productReference = C39491342A3DF50E00C7D0F2 /* Weather AppUITests.xctest */;
			productType = "com.apple.product-type.bundle.ui-testing";
		};
/* End PBXNativeTarget section */

/* Begin PBXProject section */
		C394910C2A3DF50C00C7D0F2 /* Project object */ = {
			isa = PBXProject;
			attributes = {
				BuildIndependentTargetsInParallel = 1;
				LastSwiftUpdateCheck = 1430;
				LastUpgradeCheck = 1430;
				TargetAttributes = {
					C39491132A3DF50C00C7D0F2 = {
						CreatedOnToolsVersion = 14.3;
					};
					C39491292A3DF50E00C7D0F2 = {
						CreatedOnToolsVersion = 14.3;
						TestTargetID = C39491132A3DF50C00C7D0F2;
					};
					C39491332A3DF50E00C7D0F2 = {
						CreatedOnToolsVersion = 14.3;
						TestTargetID = C39491132A3DF50C00C7D0F2;
					};
				};
			};
			buildConfigurationList = C394910F2A3DF50C00C7D0F2 /* Build configuration list for PBXProject "Weather App" */;
			compatibilityVersion = "Xcode 14.0";
			developmentRegion = en;
			hasScannedForEncodings = 0;
			knownRegions = (
				en,
				Base,
			);
			mainGroup = C394910B2A3DF50C00C7D0F2;
			productRefGroup = C39491152A3DF50C00C7D0F2 /* Products */;
			projectDirPath = "";
			projectRoot = "";
			targets = (
				C39491132A3DF50C00C7D0F2 /* Weather App */,
				C39491292A3DF50E00C7D0F2 /* Weather AppTests */,
				C39491332A3DF50E00C7D0F2 /* Weather AppUITests */,
			);
		};
/* End PBXProject section */

/* Begin PBXResourcesBuildPhase section */
		C39491122A3DF50C00C7D0F2 /* Resources */ = {
			isa = PBXResourcesBuildPhase;
			buildActionMask = 2147483647;
			files = (
				C39491242A3DF50E00C7D0F2 /* LaunchScreen.storyboard in Resources */,
				C39491212A3DF50E00C7D0F2 /* Assets.xcassets in Resources */,
				C394911F2A3DF50C00C7D0F2 /* Main.storyboard in Resources */,
			);
			runOnlyForDeploymentPostprocessing = 0;
		};
		C39491282A3DF50E00C7D0F2 /* Resources */ = {
			isa = PBXResourcesBuildPhase;
			buildActionMask = 2147483647;
			files = (
			);
			runOnlyForDeploymentPostprocessing = 0;
		};
		C39491322A3DF50E00C7D0F2 /* Resources */ = {
			isa = PBXResourcesBuildPhase;
			buildActionMask = 2147483647;
			files = (
			);
			runOnlyForDeploymentPostprocessing = 0;
		};
/* End PBXResourcesBuildPhase section */

/* Begin PBXSourcesBuildPhase section */
		C39491102A3DF50C00C7D0F2 /* Sources */ = {
			isa = PBXSourcesBuildPhase;
			buildActionMask = 2147483647;
			files = (
				C394911C2A3DF50C00C7D0F2 /* ViewController.swift in Sources */,
				C39491182A3DF50C00C7D0F2 /* AppDelegate.swift in Sources */,
				C394911A2A3DF50C00C7D0F2 /* SceneDelegate.swift in Sources */,
			);
			runOnlyForDeploymentPostprocessing = 0;
		};
		C39491262A3DF50E00C7D0F2 /* Sources */ = {
			isa = PBXSourcesBuildPhase;
			buildActionMask = 2147483647;
			files = (
				C394912F2A3DF50E00C7D0F2 /* Weather_AppTests.swift in Sources */,
			);
			runOnlyForDeploymentPostprocessing = 0;
		};
		C39491302A3DF50E00C7D0F2 /* Sources */ = {
			isa = PBXSourcesBuildPhase;
			buildActionMask = 2147483647;
			files = (
				C39491392A3DF50E00C7D0F2 /* Weather_AppUITests.swift in Sources */,
				C394913B2A3DF50E00C7D0F2 /* Weather_AppUITestsLaunchTests.swift in Sources */,
			);
			runOnlyForDeploymentPostprocessing = 0;
		};
/* End PBXSourcesBuildPhase section */

/* Begin PBXTargetDependency section */
		C394912C2A3DF50E00C7D0F2 /* PBXTargetDependency */ = {
			isa = PBXTargetDependency;
			target = C39491132A3DF50C00C7D0F2 /* Weather App */;
			targetProxy = C394912B2A3DF50E00C7D0F2 /* PBXContainerItemProxy */;
		};
		C39491362A3DF50E00C7D0F2 /* PBXTargetDependency */ = {
			isa = PBXTargetDependency;
			target = C39491132A3DF50C00C7D0F2 /* Weather App */;
			targetProxy = C39491352A3DF50E00C7D0F2 /* PBXContainerItemProxy */;
		};
/* End PBXTargetDependency section */

/* Begin PBXVariantGroup section */
		C394911D2A3DF50C00C7D0F2 /* Main.storyboard */ = {
			isa = PBXVariantGroup;
			children = (
				C394911E2A3DF50C00C7D0F2 /* Base */,
			);
			name = Main.storyboard;
			sourceTree = "<group>";
		};
		C39491222A3DF50E00C7D0F2 /* LaunchScreen.storyboard */ = {
			isa = PBXVariantGroup;
			children = (
				C39491232A3DF50E00C7D0F2 /* Base */,
			);
			name = LaunchScreen.storyboard;
			sourceTree = "<group>";
		};
/* End PBXVariantGroup section */

/* Begin XCBuildConfiguration section */
		C394913C2A3DF50E00C7D0F2 /* Debug */ = {
			isa = XCBuildConfiguration;
			buildSettings = {
				ALWAYS_SEARCH_USER_PATHS = NO;
				CLANG_ANALYZER_NONNULL = YES;
				CLANG_ANALYZER_NUMBER_OBJECT_CONVERSION = YES_AGGRESSIVE;
				CLANG_CXX_LANGUAGE_STANDARD = "gnu++20";
				CLANG_ENABLE_MODULES = YES;
				CLANG_ENABLE_OBJC_ARC = YES;
				CLANG_ENABLE_OBJC_WEAK = YES;
				CLANG_WARN_BLOCK_CAPTURE_AUTORELEASING = YES;
				CLANG_WARN_BOOL_CONVERSION = YES;
				CLANG_WARN_COMMA = YES;
				CLANG_WARN_CONSTANT_CONVERSION = YES;
				CLANG_WARN_DEPRECATED_OBJC_IMPLEMENTATIONS = YES;
				CLANG_WARN_DIRECT_OBJC_ISA_USAGE = YES_ERROR;
				CLANG_WARN_DOCUMENTATION_COMMENTS = YES;
				CLANG_WARN_EMPTY_BODY = YES;
				CLANG_WARN_ENUM_CONVERSION = YES;
				CLANG_WARN_INFINITE_RECURSION = YES;
				CLANG_WARN_INT_CONVERSION = YES;
				CLANG_WARN_NON_LITERAL_NULL_CONVERSION = YES;
				CLANG_WARN_OBJC_IMPLICIT_RETAIN_SELF = YES;
				CLANG_WARN_OBJC_LITERAL_CONVERSION = YES;
				CLANG_WARN_OBJC_ROOT_CLASS = YES_ERROR;
				CLANG_WARN_QUOTED_INCLUDE_IN_FRAMEWORK_HEADER = YES;
				CLANG_WARN_RANGE_LOOP_ANALYSIS = YES;
				CLANG_WARN_STRICT_PROTOTYPES = YES;
				CLANG_WARN_SUSPICIOUS_MOVE = YES;
				CLANG_WARN_UNGUARDED_AVAILABILITY = YES_AGGRESSIVE;
				CLANG_WARN_UNREACHABLE_CODE = YES;
				CLANG_WARN__DUPLICATE_METHOD_MATCH = YES;
				COPY_PHASE_STRIP = NO;
				DEBUG_INFORMATION_FORMAT = dwarf;
				ENABLE_STRICT_OBJC_MSGSEND = YES;
				ENABLE_TESTABILITY = YES;
				GCC_C_LANGUAGE_STANDARD = gnu11;
				GCC_DYNAMIC_NO_PIC = NO;
				GCC_NO_COMMON_BLOCKS = YES;
				GCC_OPTIMIZATION_LEVEL = 0;
				GCC_PREPROCESSOR_DEFINITIONS = (
					"DEBUG=1",
					"$(inherited)",
				);
				GCC_WARN_64_TO_32_BIT_CONVERSION = YES;
				GCC_WARN_ABOUT_RETURN_TYPE = YES_ERROR;
				GCC_WARN_UNDECLARED_SELECTOR = YES;
				GCC_WARN_UNINITIALIZED_AUTOS = YES_AGGRESSIVE;
				GCC_WARN_UNUSED_FUNCTION = YES;
				GCC_WARN_UNUSED_VARIABLE = YES;
				IPHONEOS_DEPLOYMENT_TARGET = 16.4;
				MTL_ENABLE_DEBUG_INFO = INCLUDE_SOURCE;
				MTL_FAST_MATH = YES;
				ONLY_ACTIVE_ARCH = YES;
				SDKROOT = iphoneos;
				SWIFT_ACTIVE_COMPILATION_CONDITIONS = DEBUG;
				SWIFT_OPTIMIZATION_LEVEL = "-Onone";
			};
			name = Debug;
		};
		C394913D2A3DF50E00C7D0F2 /* Release */ = {
			isa = XCBuildConfiguration;
			buildSettings = {
				ALWAYS_SEARCH_USER_PATHS = NO;
				CLANG_ANALYZER_NONNULL = YES;
				CLANG_ANALYZER_NUMBER_OBJECT_CONVERSION = YES_AGGRESSIVE;
				CLANG_CXX_LANGUAGE_STANDARD = "gnu++20";
				CLANG_ENABLE_MODULES = YES;
				CLANG_ENABLE_OBJC_ARC = YES;
				CLANG_ENABLE_OBJC_WEAK = YES;
				CLANG_WARN_BLOCK_CAPTURE_AUTORELEASING = YES;
				CLANG_WARN_BOOL_CONVERSION = YES;
				CLANG_WARN_COMMA = YES;
				CLANG_WARN_CONSTANT_CONVERSION = YES;
				CLANG_WARN_DEPRECATED_OBJC_IMPLEMENTATIONS = YES;
				CLANG_WARN_DIRECT_OBJC_ISA_USAGE = YES_ERROR;
				CLANG_WARN_DOCUMENTATION_COMMENTS = YES;
				CLANG_WARN_EMPTY_BODY = YES;
				CLANG_WARN_ENUM_CONVERSION = YES;
				CLANG_WARN_INFINITE_RECURSION = YES;
				CLANG_WARN_INT_CONVERSION = YES;
				CLANG_WARN_NON_LITERAL_NULL_CONVERSION = YES;
				CLANG_WARN_OBJC_IMPLICIT_RETAIN_SELF = YES;
				CLANG_WARN_OBJC_LITERAL_CONVERSION = YES;
				CLANG_WARN_OBJC_ROOT_CLASS = YES_ERROR;
				CLANG_WARN_QUOTED_INCLUDE_IN_FRAMEWORK_HEADER = YES;
				CLANG_WARN_RANGE_LOOP_ANALYSIS = YES;
				CLANG_WARN_STRICT_PROTOTYPES = YES;
				CLANG_WARN_SUSPICIOUS_MOVE = YES;
				CLANG_WARN_UNGUARDED_AVAILABILITY = YES_AGGRESSIVE;
				CLANG_WARN_UNREACHABLE_CODE = YES;
				CLANG_WARN__DUPLICATE_METHOD_MATCH = YES;
				COPY_PHASE_STRIP = NO;
				DEBUG_INFORMATION_FORMAT = "dwarf-with-dsym";
				ENABLE_NS_ASSERTIONS = NO;
				ENABLE_STRICT_OBJC_MSGSEND = YES;
				GCC_C_LANGUAGE_STANDARD = gnu11;
				GCC_NO_COMMON_BLOCKS = YES;
				GCC_WARN_64_TO_32_BIT_CONVERSION = YES;
				GCC_WARN_ABOUT_RETURN_TYPE = YES_ERROR;
				GCC_WARN_UNDECLARED_SELECTOR = YES;
				GCC_WARN_UNINITIALIZED_AUTOS = YES_AGGRESSIVE;
				GCC_WARN_UNUSED_FUNCTION = YES;
				GCC_WARN_UNUSED_VARIABLE = YES;
				IPHONEOS_DEPLOYMENT_TARGET = 16.4;
				MTL_ENABLE_DEBUG_INFO = NO;
				MTL_FAST_MATH = YES;
				SDKROOT = iphoneos;
				SWIFT_COMPILATION_MODE = wholemodule;
				SWIFT_OPTIMIZATION_LEVEL = "-O";
				VALIDATE_PRODUCT = YES;
			};
			name = Release;
		};
		C394913F2A3DF50E00C7D0F2 /* Debug */ = {
			isa = XCBuildConfiguration;
			buildSettings = {
				ASSETCATALOG_COMPILER_APPICON_NAME = AppIcon;
				ASSETCATALOG_COMPILER_GLOBAL_ACCENT_COLOR_NAME = AccentColor;
				CODE_SIGN_STYLE = Automatic;
				CURRENT_PROJECT_VERSION = 1;
				GENERATE_INFOPLIST_FILE = YES;
				INFOPLIST_FILE = "Weather App/Info.plist";
				INFOPLIST_KEY_UIApplicationSupportsIndirectInputEvents = YES;
				INFOPLIST_KEY_UILaunchStoryboardName = LaunchScreen;
				INFOPLIST_KEY_UIMainStoryboardFile = Main;
				INFOPLIST_KEY_UISupportedInterfaceOrientations_iPad = "UIInterfaceOrientationPortrait UIInterfaceOrientationPortraitUpsideDown UIInterfaceOrientationLandscapeLeft UIInterfaceOrientationLandscapeRight";
				INFOPLIST_KEY_UISupportedInterfaceOrientations_iPhone = "UIInterfaceOrientationPortrait UIInterfaceOrientationLandscapeLeft UIInterfaceOrientationLandscapeRight";
				LD_RUNPATH_SEARCH_PATHS = (
					"$(inherited)",
					"@executable_path/Frameworks",
				);
				MARKETING_VERSION = 1.0;
				PRODUCT_BUNDLE_IDENTIFIER = "tin.learn.Weather-App";
				PRODUCT_NAME = "$(TARGET_NAME)";
				SWIFT_EMIT_LOC_STRINGS = YES;
				SWIFT_VERSION = 5.0;
				TARGETED_DEVICE_FAMILY = "1,2";
			};
			name = Debug;
		};
		C39491402A3DF50E00C7D0F2 /* Release */ = {
			isa = XCBuildConfiguration;
			buildSettings = {
				ASSETCATALOG_COMPILER_APPICON_NAME = AppIcon;
				ASSETCATALOG_COMPILER_GLOBAL_ACCENT_COLOR_NAME = AccentColor;
				CODE_SIGN_STYLE = Automatic;
				CURRENT_PROJECT_VERSION = 1;
				GENERATE_INFOPLIST_FILE = YES;
				INFOPLIST_FILE = "Weather App/Info.plist";
				INFOPLIST_KEY_UIApplicationSupportsIndirectInputEvents = YES;
				INFOPLIST_KEY_UILaunchStoryboardName = LaunchScreen;
				INFOPLIST_KEY_UIMainStoryboardFile = Main;
				INFOPLIST_KEY_UISupportedInterfaceOrientations_iPad = "UIInterfaceOrientationPortrait UIInterfaceOrientationPortraitUpsideDown UIInterfaceOrientationLandscapeLeft UIInterfaceOrientationLandscapeRight";
				INFOPLIST_KEY_UISupportedInterfaceOrientations_iPhone = "UIInterfaceOrientationPortrait UIInterfaceOrientationLandscapeLeft UIInterfaceOrientationLandscapeRight";
				LD_RUNPATH_SEARCH_PATHS = (
					"$(inherited)",
					"@executable_path/Frameworks",
				);
				MARKETING_VERSION = 1.0;
				PRODUCT_BUNDLE_IDENTIFIER = "tin.learn.Weather-App";
				PRODUCT_NAME = "$(TARGET_NAME)";
				SWIFT_EMIT_LOC_STRINGS = YES;
				SWIFT_VERSION = 5.0;
				TARGETED_DEVICE_FAMILY = "1,2";
			};
			name = Release;
		};
		C39491422A3DF50E00C7D0F2 /* Debug */ = {
			isa = XCBuildConfiguration;
			buildSettings = {
				ALWAYS_EMBED_SWIFT_STANDARD_LIBRARIES = YES;
				BUNDLE_LOADER = "$(TEST_HOST)";
				CODE_SIGN_STYLE = Automatic;
				CURRENT_PROJECT_VERSION = 1;
				GENERATE_INFOPLIST_FILE = YES;
				IPHONEOS_DEPLOYMENT_TARGET = 16.4;
				MARKETING_VERSION = 1.0;
				PRODUCT_BUNDLE_IDENTIFIER = "tin.learn.Weather-AppTests";
				PRODUCT_NAME = "$(TARGET_NAME)";
				SWIFT_EMIT_LOC_STRINGS = NO;
				SWIFT_VERSION = 5.0;
				TARGETED_DEVICE_FAMILY = "1,2";
				TEST_HOST = "$(BUILT_PRODUCTS_DIR)/Weather App.app/$(BUNDLE_EXECUTABLE_FOLDER_PATH)/Weather App";
			};
			name = Debug;
		};
		C39491432A3DF50E00C7D0F2 /* Release */ = {
			isa = XCBuildConfiguration;
			buildSettings = {
				ALWAYS_EMBED_SWIFT_STANDARD_LIBRARIES = YES;
				BUNDLE_LOADER = "$(TEST_HOST)";
				CODE_SIGN_STYLE = Automatic;
				CURRENT_PROJECT_VERSION = 1;
				GENERATE_INFOPLIST_FILE = YES;
				IPHONEOS_DEPLOYMENT_TARGET = 16.4;
				MARKETING_VERSION = 1.0;
				PRODUCT_BUNDLE_IDENTIFIER = "tin.learn.Weather-AppTests";
				PRODUCT_NAME = "$(TARGET_NAME)";
				SWIFT_EMIT_LOC_STRINGS = NO;
				SWIFT_VERSION = 5.0;
				TARGETED_DEVICE_FAMILY = "1,2";
				TEST_HOST = "$(BUILT_PRODUCTS_DIR)/Weather App.app/$(BUNDLE_EXECUTABLE_FOLDER_PATH)/Weather App";
			};
			name = Release;
		};
		C39491452A3DF50E00C7D0F2 /* Debug */ = {
			isa = XCBuildConfiguration;
			buildSettings = {
				ALWAYS_EMBED_SWIFT_STANDARD_LIBRARIES = YES;
				CODE_SIGN_STYLE = Automatic;
				CURRENT_PROJECT_VERSION = 1;
				GENERATE_INFOPLIST_FILE = YES;
				MARKETING_VERSION = 1.0;
				PRODUCT_BUNDLE_IDENTIFIER = "tin.learn.Weather-AppUITests";
				PRODUCT_NAME = "$(TARGET_NAME)";
				SWIFT_EMIT_LOC_STRINGS = NO;
				SWIFT_VERSION = 5.0;
				TARGETED_DEVICE_FAMILY = "1,2";
				TEST_TARGET_NAME = "Weather App";
			};
			name = Debug;
		};
		C39491462A3DF50E00C7D0F2 /* Release */ = {
			isa = XCBuildConfiguration;
			buildSettings = {
				ALWAYS_EMBED_SWIFT_STANDARD_LIBRARIES = YES;
				CODE_SIGN_STYLE = Automatic;
				CURRENT_PROJECT_VERSION = 1;
				GENERATE_INFOPLIST_FILE = YES;
				MARKETING_VERSION = 1.0;
				PRODUCT_BUNDLE_IDENTIFIER = "tin.learn.Weather-AppUITests";
				PRODUCT_NAME = "$(TARGET_NAME)";
				SWIFT_EMIT_LOC_STRINGS = NO;
				SWIFT_VERSION = 5.0;
				TARGETED_DEVICE_FAMILY = "1,2";
				TEST_TARGET_NAME = "Weather App";
			};
			name = Release;
		};
/* End XCBuildConfiguration section */

/* Begin XCConfigurationList section */
		C394910F2A3DF50C00C7D0F2 /* Build configuration list for PBXProject "Weather App" */ = {
			isa = XCConfigurationList;
			buildConfigurations = (
				C394913C2A3DF50E00C7D0F2 /* Debug */,
				C394913D2A3DF50E00C7D0F2 /* Release */,
			);
			defaultConfigurationIsVisible = 0;
			defaultConfigurationName = Release;
		};
		C394913E2A3DF50E00C7D0F2 /* Build configuration list for PBXNativeTarget "Weather App" */ = {
			isa = XCConfigurationList;
			buildConfigurations = (
				C394913F2A3DF50E00C7D0F2 /* Debug */,
				C39491402A3DF50E00C7D0F2 /* Release */,
			);
			defaultConfigurationIsVisible = 0;
			defaultConfigurationName = Release;
		};
		C39491412A3DF50E00C7D0F2 /* Build configuration list for PBXNativeTarget "Weather AppTests" */ = {
			isa = XCConfigurationList;
			buildConfigurations = (
				C39491422A3DF50E00C7D0F2 /* Debug */,
				C39491432A3DF50E00C7D0F2 /* Release */,
			);
			defaultConfigurationIsVisible = 0;
			defaultConfigurationName = Release;
		};
		C39491442A3DF50E00C7D0F2 /* Build configuration list for PBXNativeTarget "Weather AppUITests" */ = {
			isa = XCConfigurationList;
			buildConfigurations = (
				C39491452A3DF50E00C7D0F2 /* Debug */,
				C39491462A3DF50E00C7D0F2 /* Release */,
			);
			defaultConfigurationIsVisible = 0;
			defaultConfigurationName = Release;
		};
/* End XCConfigurationList section */
	};
	rootObject = C394910C2A3DF50C00C7D0F2 /* Project object */;
}
